
Microsoft Visual Studio Solution File, Format Version 12.00
# Visual Studio 15
Project("{FAE04EC0-301F-11D3-BF4B-00C04F79EFBC}") = "Kursy.Android", "Kursy.Android\Kursy.Android.csproj", "{2CC138AB-37E4-428B-9C67-06C2C44462EF}"
EndProject
Project("{FAE04EC0-301F-11D3-BF4B-00C04F79EFBC}") = "Kursy.iOS", "Kursy.iOS\Kursy.iOS.csproj", "{7F2B4FCB-F1FB-45AA-BDC7-F91F217CB048}"
EndProject
Project("{FAE04EC0-301F-11D3-BF4B-00C04F79EFBC}") = "Kursy", "Kursy\Kursy.csproj", "{28B3EADB-274C-4A68-9A0E-8AE563966B47}"
EndProject
Global
	GlobalSection(SolutionConfigurationPlatforms) = preSolution
		Debug|Any CPU = Debug|Any CPU
		Release|Any CPU = Release|Any CPU
		Debug|iPhoneSimulator = Debug|iPhoneSimulator
		Release|iPhoneSimulator = Release|iPhoneSimulator
		Debug|iPhone = Debug|iPhone
		Release|iPhone = Release|iPhone
	EndGlobalSection
	GlobalSection(ProjectConfigurationPlatforms) = postSolution
		{2CC138AB-37E4-428B-9C67-06C2C44462EF}.Debug|Any CPU.ActiveCfg = Debug|Any CPU
		{2CC138AB-37E4-428B-9C67-06C2C44462EF}.Debug|Any CPU.Build.0 = Debug|Any CPU
		{2CC138AB-37E4-428B-9C67-06C2C44462EF}.Release|Any CPU.ActiveCfg = Release|Any CPU
		{2CC138AB-37E4-428B-9C67-06C2C44462EF}.Release|Any CPU.Build.0 = Release|Any CPU
		{2CC138AB-37E4-428B-9C67-06C2C44462EF}.Debug|iPhoneSimulator.ActiveCfg = Debug|Any CPU
		{2CC138AB-37E4-428B-9C67-06C2C44462EF}.Debug|iPhoneSimulator.Build.0 = Debug|Any CPU
		{2CC138AB-37E4-428B-9C67-06C2C44462EF}.Release|iPhoneSimulator.ActiveCfg = Release|Any CPU
		{2CC138AB-37E4-428B-9C67-06C2C44462EF}.Release|iPhoneSimulator.Build.0 = Release|Any CPU
		{2CC138AB-37E4-428B-9C67-06C2C44462EF}.Debug|iPhone.ActiveCfg = Debug|Any CPU
		{2CC138AB-37E4-428B-9C67-06C2C44462EF}.Debug|iPhone.Build.0 = Debug|Any CPU
		{2CC138AB-37E4-428B-9C67-06C2C44462EF}.Release|iPhone.ActiveCfg = Release|Any CPU
		{2CC138AB-37E4-428B-9C67-06C2C44462EF}.Release|iPhone.Build.0 = Release|Any CPU
		{7F2B4FCB-F1FB-45AA-BDC7-F91F217CB048}.Debug|Any CPU.ActiveCfg = Debug|iPhoneSimulator
		{7F2B4FCB-F1FB-45AA-BDC7-F91F217CB048}.Debug|Any CPU.Build.0 = Debug|iPhoneSimulator
		{7F2B4FCB-F1FB-45AA-BDC7-F91F217CB048}.Release|Any CPU.ActiveCfg = Release|iPhoneSimulator
		{7F2B4FCB-F1FB-45AA-BDC7-F91F217CB048}.Release|Any CPU.Build.0 = Release|iPhoneSimulator
		{7F2B4FCB-F1FB-45AA-BDC7-F91F217CB048}.Debug|iPhoneSimulator.ActiveCfg = Debug|iPhoneSimulator
		{7F2B4FCB-F1FB-45AA-BDC7-F91F217CB048}.Debug|iPhoneSimulator.Build.0 = Debug|iPhoneSimulator
		{7F2B4FCB-F1FB-45AA-BDC7-F91F217CB048}.Release|iPhoneSimulator.ActiveCfg = Release|iPhoneSimulator
		{7F2B4FCB-F1FB-45AA-BDC7-F91F217CB048}.Release|iPhoneSimulator.Build.0 = Release|iPhoneSimulator
		{7F2B4FCB-F1FB-45AA-BDC7-F91F217CB048}.Debug|iPhone.ActiveCfg = Debug|iPhone
		{7F2B4FCB-F1FB-45AA-BDC7-F91F217CB048}.Debug|iPhone.Build.0 = Debug|iPhone
		{7F2B4FCB-F1FB-45AA-BDC7-F91F217CB048}.Release|iPhone.ActiveCfg = Release|iPhone
		{7F2B4FCB-F1FB-45AA-BDC7-F91F217CB048}.Release|iPhone.Build.0 = Release|iPhone
		{28B3EADB-274C-4A68-9A0E-8AE563966B47}.Debug|Any CPU.ActiveCfg = Debug|Any CPU
		{28B3EADB-274C-4A68-9A0E-8AE563966B47}.Debug|Any CPU.Build.0 = Debug|Any CPU
		{28B3EADB-274C-4A68-9A0E-8AE563966B47}.Release|Any CPU.ActiveCfg = Release|Any CPU
		{28B3EADB-274C-4A68-9A0E-8AE563966B47}.Release|Any CPU.Build.0 = Release|Any CPU
		{28B3EADB-274C-4A68-9A0E-8AE563966B47}.Debug|iPhoneSimulator.ActiveCfg = Debug|Any CPU
		{28B3EADB-274C-4A68-9A0E-8AE563966B47}.Debug|iPhoneSimulator.Build.0 = Debug|Any CPU
		{28B3EADB-274C-4A68-9A0E-8AE563966B47}.Release|iPhoneSimulator.ActiveCfg = Release|Any CPU
		{28B3EADB-274C-4A68-9A0E-8AE563966B47}.Release|iPhoneSimulator.Build.0 = Release|Any CPU
		{28B3EADB-274C-4A68-9A0E-8AE563966B47}.Debug|iPhone.ActiveCfg = Debug|Any CPU
		{28B3EADB-274C-4A68-9A0E-8AE563966B47}.Debug|iPhone.Build.0 = Debug|Any CPU
		{28B3EADB-274C-4A68-9A0E-8AE563966B47}.Release|iPhone.ActiveCfg = Release|Any CPU
		{28B3EADB-274C-4A68-9A0E-8AE563966B47}.Release|iPhone.Build.0 = Release|Any CPU
	EndGlobalSection
EndGlobal
